Microsoft Visual Studio Solution File, Format Version 12.00
# Visual Studio Version 17
VisualStudioVersion = 17.5.2.0
MinimumVisualStudioVersion = 10.0.40219.1
Project("{FAE04EC0-301F-11D3-BF4B-00C04F79EFBC}") = "MedicalSupplies.Api", "MedicalSupplies.Api.csproj", "{039517E7-7C47-9C5B-AAFD-B87A35FCD97A}"
EndProject
Global
	GlobalSection(SolutionConfigurationPlatforms) = preSolution
		Debug|Any CPU = Debug|Any CPU
		Release|Any CPU = Release|Any CPU
	EndGlobalSection
	GlobalSection(ProjectConfigurationPlatforms) = postSolution
		{039517E7-7C47-9C5B-AAFD-B87A35FCD97A}.Debug|Any CPU.ActiveCfg = Debug|Any CPU
		{039517E7-7C47-9C5B-AAFD-B87A35FCD97A}.Debug|Any CPU.Build.0 = Debug|Any CPU
		{039517E7-7C47-9C5B-AAFD-B87A35FCD97A}.Release|Any CPU.ActiveCfg = Release|Any CPU
		{039517E7-7C47-9C5B-AAFD-B87A35FCD97A}.Release|Any CPU.Build.0 = Release|Any CPU
	EndGlobalSection
	GlobalSection(SolutionProperties) = preSolution
		HideSolutionNode = FALSE
	EndGlobalSection
	GlobalSection(ExtensibilityGlobals) = postSolution
		SolutionGuid = {6A5524C6-AA6F-4A1E-8A44-DA0F58176203}
	EndGlobalSection
EndGlobal
